
Microsoft Visual Studio Solution File, Format Version 12.00
# Visual Studio Version 16
VisualStudioVersion = 16.0.30711.63
MinimumVisualStudioVersion = 10.0.40219.1
Project("{9A19103F-16F7-4668-BE54-9A1E7A4F7556}") = "ApplicationStarter", "ApplicationStarter\ApplicationStarter.csproj", "{73CDFC71-61BB-43D0-98A1-29389EC8BD78}"
EndProject
Project("{FAE04EC0-301F-11D3-BF4B-00C04F79EFBC}") = "BasicLibrary", "BasicLibrary\BasicLibrary.csproj", "{4D0E9B50-C064-4B4D-BD2D-62C20DEACB32}"
EndProject
Global
	GlobalSection(SolutionConfigurationPlatforms) = preSolution
		Debug|Any CPU = Debug|Any CPU
		Release|Any CPU = Release|Any CPU
	EndGlobalSection
	GlobalSection(ProjectConfigurationPlatforms) = postSolution
		{73CDFC71-61BB-43D0-98A1-29389EC8BD78}.Debug|Any CPU.ActiveCfg = Debug|Any CPU
		{73CDFC71-61BB-43D0-98A1-29389EC8BD78}.Debug|Any CPU.Build.0 = Debug|Any CPU
		{73CDFC71-61BB-43D0-98A1-29389EC8BD78}.Release|Any CPU.ActiveCfg = Release|Any CPU
		{73CDFC71-61BB-43D0-98A1-29389EC8BD78}.Release|Any CPU.Build.0 = Release|Any CPU
		{4D0E9B50-C064-4B4D-BD2D-62C20DEACB32}.Debug|Any CPU.ActiveCfg = Debug|Any CPU
		{4D0E9B50-C064-4B4D-BD2D-62C20DEACB32}.Debug|Any CPU.Build.0 = Debug|Any CPU
		{4D0E9B50-C064-4B4D-BD2D-62C20DEACB32}.Release|Any CPU.ActiveCfg = Release|Any CPU
		{4D0E9B50-C064-4B4D-BD2D-62C20DEACB32}.Release|Any CPU.Build.0 = Release|Any CPU
	EndGlobalSection
	GlobalSection(SolutionProperties) = preSolution
		HideSolutionNode = FALSE
	EndGlobalSection
	GlobalSection(ExtensibilityGlobals) = postSolution
		SolutionGuid = {6DFE008D-6B54-4561-98F4-82ABD311B23D}
	EndGlobalSection
EndGlobal
